
Microsoft Visual Studio Solution File, Format Version 12.00
# Visual Studio Version 17
VisualStudioVersion = 17.13.35825.156 d17.13
MinimumVisualStudioVersion = 10.0.40219.1
Project("{FAE04EC0-301F-11D3-BF4B-00C04F79EFBC}") = "ConsoleApp1", "ConsoleApp1.csproj", "{98F8FF4C-BEB0-4FCE-B15F-73BD8494391E}"
EndProject
Global
	GlobalSection(SolutionConfigurationPlatforms) = preSolution
		Debug|Any CPU = Debug|Any CPU
		Release|Any CPU = Release|Any CPU
	EndGlobalSection
	GlobalSection(ProjectConfigurationPlatforms) = postSolution
		{98F8FF4C-BEB0-4FCE-B15F-73BD8494391E}.Debug|Any CPU.ActiveCfg = Debug|Any CPU
		{98F8FF4C-BEB0-4FCE-B15F-73BD8494391E}.Debug|Any CPU.Build.0 = Debug|Any CPU
		{98F8FF4C-BEB0-4FCE-B15F-73BD8494391E}.Release|Any CPU.ActiveCfg = Release|Any CPU
		{98F8FF4C-BEB0-4FCE-B15F-73BD8494391E}.Release|Any CPU.Build.0 = Release|Any CPU
	EndGlobalSection
	GlobalSection(SolutionProperties) = preSolution
		HideSolutionNode = FALSE
	EndGlobalSection
	GlobalSection(ExtensibilityGlobals) = postSolution
		SolutionGuid = {B1A81812-8B20-4D3E-B76E-BD510FD0C519}
	EndGlobalSection
EndGlobal
